// !$*UTF8*$!
{
	archiveVersion = 1;
	classes = {
	};
	objectVersion = 46;
	objects = {

/* Begin PBXBuildFile section */
		90CEF2AAD25647E86C961129 /* CoreData.framework in Frameworks */ = {isa = PBXBuildFile; fileRef = 0E23934EF9063FFA5D3BEA40 /* CoreData.framework */; };
		BE2FC3C00D59AD1B7A78FD73 /* CoreGraphics.framework in Frameworks */ = {isa = PBXBuildFile; fileRef = A71273E6A4E8179FA100E0FA /* CoreGraphics.framework */; };
		C4E6B04ACB624AB7B796A26E /* Stubs.m in Sources */ = {isa = PBXBuildFile; fileRef = E328AAC44A8E8858EDAFA091 /* Stubs.m */; };
		C6124C656250603FFD279C44 /* QuartzCore.framework in Frameworks */ = {isa = PBXBuildFile; fileRef = E4E79735192AFE4B1B63A379 /* QuartzCore.framework */; };
		C7C8A829188DF12E189E5C44 /* Foundation.framework in Frameworks */ = {isa = PBXBuildFile; fileRef = 107B96053B66C79C0F21499A /* Foundation.framework */; };
/* End PBXBuildFile section */

/* Begin PBXFileReference section */
		0E23934EF9063FFA5D3BEA40 /* CoreData.framework */ = {isa = PBXFileReference; lastKnownFileType = wrapper.framework; name = CoreData.framework; path = Platforms/iPhoneOS.platform/Developer/SDKs/iPhoneOS9.0.sdk/System/Library/Frameworks/CoreData.framework; sourceTree = DEVELOPER_DIR; };
		107B96053B66C79C0F21499A /* Foundation.framework */ = {isa = PBXFileReference; lastKnownFileType = wrapper.framework; name = Foundation.framework; path = Platforms/iPhoneOS.platform/Developer/SDKs/iPhoneOS9.0.sdk/System/Library/Frameworks/Foundation.framework; sourceTree = DEVELOPER_DIR; };
		55B932894D86796F4EF6C25C /* Interface.storyboard */ = {isa = PBXFileReference; includeInIndex = 1; lastKnownFileType = file.storyboard; name = Interface.storyboard; path = Base.lproj/Interface.storyboard; sourceTree = "<group>"; };
		72E944D6CE4ED108B05AE0DF /* Base.lproj */ = {isa = PBXFileReference; includeInIndex = 1; lastKnownFileType = folder; path = Base.lproj; sourceTree = "<group>"; };
		9786DA7050E505E2F4CC7B0E /* libib.a */ = {isa = PBXFileReference; explicitFileType = archive.ar; includeInIndex = 0; path = libib.a; sourceTree = BUILT_PRODUCTS_DIR; };
		A71273E6A4E8179FA100E0FA /* CoreGraphics.framework */ = {isa = PBXFileReference; lastKnownFileType = wrapper.framework; name = CoreGraphics.framework; path = Platforms/iPhoneOS.platform/Developer/SDKs/iPhoneOS9.0.sdk/System/Library/Frameworks/CoreGraphics.framework; sourceTree = DEVELOPER_DIR; };
		C0A5C326C89581B13F63B6F6 /* Stubs.h */ = {isa = PBXFileReference; includeInIndex = 1; lastKnownFileType = sourcecode.c.h; path = Stubs.h; sourceTree = "<group>"; };
		D74EEEA2D64FCC3530B11726 /* Images.xcassets */ = {isa = PBXFileReference; includeInIndex = 1; lastKnownFileType = folder.assetcatalog; path = Images.xcassets; sourceTree = "<group>"; };
		E328AAC44A8E8858EDAFA091 /* Stubs.m */ = {isa = PBXFileReference; includeInIndex = 1; lastKnownFileType = sourcecode.c.objc; path = Stubs.m; sourceTree = "<group>"; };
		E4E79735192AFE4B1B63A379 /* QuartzCore.framework */ = {isa = PBXFileReference; lastKnownFileType = wrapper.framework; name = QuartzCore.framework; path = Platforms/iPhoneOS.platform/Developer/SDKs/iPhoneOS9.0.sdk/System/Library/Frameworks/QuartzCore.framework; sourceTree = DEVELOPER_DIR; };
/* End PBXFileReference section */

/* Begin PBXFrameworksBuildPhase section */
		64A2B546CCB260921D3CA8E1 /* Frameworks */ = {
			isa = PBXFrameworksBuildPhase;
			buildActionMask = 2147483647;
			files = (
				C7C8A829188DF12E189E5C44 /* Foundation.framework in Frameworks */,
				C6124C656250603FFD279C44 /* QuartzCore.framework in Frameworks */,
				BE2FC3C00D59AD1B7A78FD73 /* CoreGraphics.framework in Frameworks */,
				90CEF2AAD25647E86C961129 /* CoreData.framework in Frameworks */,
			);
			runOnlyForDeploymentPostprocessing = 0;
		};
/* End PBXFrameworksBuildPhase section */

/* Begin PBXGroup section */
		220B61D4EDCE96DD11B71FBC /* Supporting Files */ = {
			isa = PBXGroup;
			children = (
				C0A5C326C89581B13F63B6F6 /* Stubs.h */,
				E328AAC44A8E8858EDAFA091 /* Stubs.m */,
			);
			name = "Supporting Files";
			path = /Users/nickgal/Sites/motion/motion_phoenix/watch_app/ib.xcodeproj;
			sourceTree = "<group>";
		};
		317C476F6E532550582DA8A8 /* iOS */ = {
			isa = PBXGroup;
			children = (
				107B96053B66C79C0F21499A /* Foundation.framework */,
				E4E79735192AFE4B1B63A379 /* QuartzCore.framework */,
				A71273E6A4E8179FA100E0FA /* CoreGraphics.framework */,
				0E23934EF9063FFA5D3BEA40 /* CoreData.framework */,
			);
			name = iOS;
			sourceTree = "<group>";
		};
		4E82A434F864341781642E2C /* Products */ = {
			isa = PBXGroup;
			children = (
				9786DA7050E505E2F4CC7B0E /* libib.a */,
			);
			name = Products;
			sourceTree = "<group>";
		};
		B109CE4DC8A230EDC59DC1A4 /* watch_app */ = {
			isa = PBXGroup;
			children = (
				D74EEEA2D64FCC3530B11726 /* Images.xcassets */,
				55B932894D86796F4EF6C25C /* Interface.storyboard */,
				72E944D6CE4ED108B05AE0DF /* Base.lproj */,
			);
			path = watch_app;
			sourceTree = "<group>";
		};
		B6C04EAB988278B41756CF6C /* Frameworks */ = {
			isa = PBXGroup;
			children = (
				317C476F6E532550582DA8A8 /* iOS */,
			);
			name = Frameworks;
			sourceTree = "<group>";
		};
		C8449A2C989D8736A05B2741 /* Pods */ = {
			isa = PBXGroup;
			children = (
			);
			name = Pods;
			path = /Users/nickgal/Sites/motion/motion_phoenix/watch_app/vendor/Pods/Headers;
			sourceTree = "<group>";
		};
		D7B09806ABB08637AD437037 = {
			isa = PBXGroup;
			children = (
				4E82A434F864341781642E2C /* Products */,
				B6C04EAB988278B41756CF6C /* Frameworks */,
				220B61D4EDCE96DD11B71FBC /* Supporting Files */,
				C8449A2C989D8736A05B2741 /* Pods */,
				FC5001245205737BFD222F63 /* Resources */,
			);
			sourceTree = "<group>";
		};
		FC5001245205737BFD222F63 /* Resources */ = {
			isa = PBXGroup;
			children = (
				B109CE4DC8A230EDC59DC1A4 /* watch_app */,
			);
			name = Resources;
			sourceTree = "<group>";
		};
/* End PBXGroup section */

/* Begin PBXNativeTarget section */
		082BB98E455ADF01F9511ED2 /* ib */ = {
			isa = PBXNativeTarget;
			buildConfigurationList = 8983FDB2392CDA34F93585E8 /* Build configuration list for PBXNativeTarget "ib" */;
			buildPhases = (
				1E2556C93FB4837B496F2105 /* Sources */,
				64A2B546CCB260921D3CA8E1 /* Frameworks */,
			);
			buildRules = (
			);
			dependencies = (
			);
			name = ib;
			productName = ib;
			productReference = 9786DA7050E505E2F4CC7B0E /* libib.a */;
			productType = "com.apple.product-type.library.static";
		};
/* End PBXNativeTarget section */

/* Begin PBXProject section */
		9D296DA7F2FAA16AFB47F9CB /* Project object */ = {
			isa = PBXProject;
			attributes = {
				LastSwiftUpdateCheck = 0700;
				LastUpgradeCheck = 0700;
			};
			buildConfigurationList = 95474A2CDF8292A5FA5FFCBE /* Build configuration list for PBXProject "ib" */;
			compatibilityVersion = "Xcode 3.2";
			developmentRegion = English;
			hasScannedForEncodings = 0;
			knownRegions = (
				en,
			);
			mainGroup = D7B09806ABB08637AD437037;
			productRefGroup = 4E82A434F864341781642E2C /* Products */;
			projectDirPath = "";
			projectRoot = "";
			targets = (
				082BB98E455ADF01F9511ED2 /* ib */,
			);
		};
/* End PBXProject section */

/* Begin PBXSourcesBuildPhase section */
		1E2556C93FB4837B496F2105 /* Sources */ = {
			isa = PBXSourcesBuildPhase;
			buildActionMask = 2147483647;
			files = (
				C4E6B04ACB624AB7B796A26E /* Stubs.m in Sources */,
			);
			runOnlyForDeploymentPostprocessing = 0;
		};
/* End PBXSourcesBuildPhase section */

/* Begin XCBuildConfiguration section */
		820B6F5A8C8A2A02AC209AF9 /* Release */ = {
			isa = XCBuildConfiguration;
			buildSettings = {
				ALWAYS_SEARCH_USER_PATHS = NO;
				CLANG_CXX_LANGUAGE_STANDARD = "gnu++0x";
				CLANG_CXX_LIBRARY = "libc++";
				CLANG_ENABLE_MODULES = YES;
				CLANG_ENABLE_OBJC_ARC = YES;
				CLANG_WARN_BOOL_CONVERSION = YES;
				CLANG_WARN_CONSTANT_CONVERSION = YES;
				CLANG_WARN_DIRECT_OBJC_ISA_USAGE = YES;
				CLANG_WARN_EMPTY_BODY = YES;
				CLANG_WARN_ENUM_CONVERSION = YES;
				CLANG_WARN_INT_CONVERSION = YES;
				CLANG_WARN_OBJC_ROOT_CLASS = YES;
				CLANG_WARN_UNREACHABLE_CODE = YES;
				CLANG_WARN__DUPLICATE_METHOD_MATCH = YES;
				COPY_PHASE_STRIP = YES;
				ENABLE_NS_ASSERTIONS = NO;
				GCC_C_LANGUAGE_STANDARD = gnu99;
				GCC_WARN_64_TO_32_BIT_CONVERSION = YES;
				GCC_WARN_ABOUT_RETURN_TYPE = YES;
				GCC_WARN_UNDECLARED_SELECTOR = YES;
				GCC_WARN_UNINITIALIZED_AUTOS = YES;
				GCC_WARN_UNUSED_FUNCTION = YES;
				GCC_WARN_UNUSED_VARIABLE = YES;
				VALIDATE_PRODUCT = YES;
			};
			name = Release;
		};
		8D96C29DD24B7C2A036F7249 /* Debug */ = {
			isa = XCBuildConfiguration;
			buildSettings = {
				ALWAYS_SEARCH_USER_PATHS = NO;
				CLANG_CXX_LANGUAGE_STANDARD = "gnu++0x";
				CLANG_CXX_LIBRARY = "libc++";
				CLANG_ENABLE_MODULES = YES;
				CLANG_ENABLE_OBJC_ARC = YES;
				CLANG_WARN_BOOL_CONVERSION = YES;
				CLANG_WARN_CONSTANT_CONVERSION = YES;
				CLANG_WARN_DIRECT_OBJC_ISA_USAGE = YES;
				CLANG_WARN_EMPTY_BODY = YES;
				CLANG_WARN_ENUM_CONVERSION = YES;
				CLANG_WARN_INT_CONVERSION = YES;
				CLANG_WARN_OBJC_ROOT_CLASS = YES;
				CLANG_WARN_UNREACHABLE_CODE = YES;
				CLANG_WARN__DUPLICATE_METHOD_MATCH = YES;
				COPY_PHASE_STRIP = NO;
				GCC_C_LANGUAGE_STANDARD = gnu99;
				GCC_DYNAMIC_NO_PIC = NO;
				GCC_OPTIMIZATION_LEVEL = 0;
				GCC_PREPROCESSOR_DEFINITIONS = (
					"DEBUG=1",
					"$(inherited)",
				);
				GCC_SYMBOLS_PRIVATE_EXTERN = NO;
				GCC_WARN_64_TO_32_BIT_CONVERSION = YES;
				GCC_WARN_ABOUT_RETURN_TYPE = YES;
				GCC_WARN_UNDECLARED_SELECTOR = YES;
				GCC_WARN_UNINITIALIZED_AUTOS = YES;
				GCC_WARN_UNUSED_FUNCTION = YES;
				GCC_WARN_UNUSED_VARIABLE = YES;
				ONLY_ACTIVE_ARCH = YES;
			};
			name = Debug;
		};
		D44518B1B59CA22325525A2A /* Debug */ = {
			isa = XCBuildConfiguration;
			buildSettings = {
				ENABLE_STRICT_OBJC_MSGSEND = YES;
				MTL_ENABLE_DEBUG_INFO = YES;
				OTHER_LDFLAGS = "-ObjC";
				PRODUCT_NAME = "$(TARGET_NAME)";
				SDKROOT = iphoneos;
				SKIP_INSTALL = YES;
			};
			name = Debug;
		};
		F7C91F0D6D1AF8A0B88A16DD /* Release */ = {
			isa = XCBuildConfiguration;
			buildSettings = {
				ENABLE_STRICT_OBJC_MSGSEND = YES;
				MTL_ENABLE_DEBUG_INFO = NO;
				OTHER_LDFLAGS = "-ObjC";
				PRODUCT_NAME = "$(TARGET_NAME)";
				SDKROOT = iphoneos;
				SKIP_INSTALL = YES;
			};
			name = Release;
		};
/* End XCBuildConfiguration section */

/* Begin XCConfigurationList section */
		8983FDB2392CDA34F93585E8 /* Build configuration list for PBXNativeTarget "ib" */ = {
			isa = XCConfigurationList;
			buildConfigurations = (
				F7C91F0D6D1AF8A0B88A16DD /* Release */,
				D44518B1B59CA22325525A2A /* Debug */,
			);
			defaultConfigurationIsVisible = 0;
			defaultConfigurationName = Release;
		};
		95474A2CDF8292A5FA5FFCBE /* Build configuration list for PBXProject "ib" */ = {
			isa = XCConfigurationList;
			buildConfigurations = (
				8D96C29DD24B7C2A036F7249 /* Debug */,
				820B6F5A8C8A2A02AC209AF9 /* Release */,
			);
			defaultConfigurationIsVisible = 0;
			defaultConfigurationName = Release;
		};
/* End XCConfigurationList section */
	};
	rootObject = 9D296DA7F2FAA16AFB47F9CB /* Project object */;
}
