// !$*UTF8*$!
{
	archiveVersion = 1;
	classes = {
	};
	objectVersion = 46;
	objects = {

/* Begin PBXBuildFile section */
		09C2CCF2E5A34D398EAAB3F9 /* Stubs.m in Sources */ = {isa = PBXBuildFile; fileRef = 450E683D166D40BF18FB50A9 /* Stubs.m */; };
		C5576F0243063AFC2984CD50 /* Foundation.framework in Frameworks */ = {isa = PBXBuildFile; fileRef = 3220F96C992468332E377289 /* Foundation.framework */; };
		DC713298215C49E49FBA9778 /* QuartzCore.framework in Frameworks */ = {isa = PBXBuildFile; fileRef = E0A211D7DBB9A2BC2B01DECF /* QuartzCore.framework */; };
		ED8EFE56EB6EF6289B104C25 /* CoreGraphics.framework in Frameworks */ = {isa = PBXBuildFile; fileRef = 998A1E8AF750D1B8BDA1E0DD /* CoreGraphics.framework */; };
		FA099F71D6F92898B1C7E249 /* CoreData.framework in Frameworks */ = {isa = PBXBuildFile; fileRef = E5621C599092B8782E564F56 /* CoreData.framework */; };
/* End PBXBuildFile section */

/* Begin PBXFileReference section */
		08CA18CEEECDDF068996500C /* Base.lproj */ = {isa = PBXFileReference; includeInIndex = 1; lastKnownFileType = folder; path = Base.lproj; sourceTree = "<group>"; };
		3220F96C992468332E377289 /* Foundation.framework */ = {isa = PBXFileReference; lastKnownFileType = wrapper.framework; name = Foundation.framework; path = Platforms/iPhoneOS.platform/Developer/SDKs/iPhoneOS9.0.sdk/System/Library/Frameworks/Foundation.framework; sourceTree = DEVELOPER_DIR; };
		450E683D166D40BF18FB50A9 /* Stubs.m */ = {isa = PBXFileReference; includeInIndex = 1; lastKnownFileType = sourcecode.c.objc; path = Stubs.m; sourceTree = "<group>"; };
		77BE0A1B6AF4E3D2F0042D27 /* libib.a */ = {isa = PBXFileReference; explicitFileType = archive.ar; includeInIndex = 0; path = libib.a; sourceTree = BUILT_PRODUCTS_DIR; };
		94D1CA58F20E36B332C5CDC8 /* Images.xcassets */ = {isa = PBXFileReference; includeInIndex = 1; lastKnownFileType = folder.assetcatalog; path = Images.xcassets; sourceTree = "<group>"; };
		998A1E8AF750D1B8BDA1E0DD /* CoreGraphics.framework */ = {isa = PBXFileReference; lastKnownFileType = wrapper.framework; name = CoreGraphics.framework; path = Platforms/iPhoneOS.platform/Developer/SDKs/iPhoneOS9.0.sdk/System/Library/Frameworks/CoreGraphics.framework; sourceTree = DEVELOPER_DIR; };
		C61FB9596F160EC40299D191 /* Stubs.h */ = {isa = PBXFileReference; includeInIndex = 1; lastKnownFileType = sourcecode.c.h; path = Stubs.h; sourceTree = "<group>"; };
		CC2384FF2DE9B50E7D9E25B8 /* Interface.storyboard */ = {isa = PBXFileReference; includeInIndex = 1; lastKnownFileType = file.storyboard; name = Interface.storyboard; path = Base.lproj/Interface.storyboard; sourceTree = "<group>"; };
		E0A211D7DBB9A2BC2B01DECF /* QuartzCore.framework */ = {isa = PBXFileReference; lastKnownFileType = wrapper.framework; name = QuartzCore.framework; path = Platforms/iPhoneOS.platform/Developer/SDKs/iPhoneOS9.0.sdk/System/Library/Frameworks/QuartzCore.framework; sourceTree = DEVELOPER_DIR; };
		E5621C599092B8782E564F56 /* CoreData.framework */ = {isa = PBXFileReference; lastKnownFileType = wrapper.framework; name = CoreData.framework; path = Platforms/iPhoneOS.platform/Developer/SDKs/iPhoneOS9.0.sdk/System/Library/Frameworks/CoreData.framework; sourceTree = DEVELOPER_DIR; };
/* End PBXFileReference section */

/* Begin PBXFrameworksBuildPhase section */
		8D071E6359494806B7909077 /* Frameworks */ = {
			isa = PBXFrameworksBuildPhase;
			buildActionMask = 2147483647;
			files = (
				C5576F0243063AFC2984CD50 /* Foundation.framework in Frameworks */,
				DC713298215C49E49FBA9778 /* QuartzCore.framework in Frameworks */,
				ED8EFE56EB6EF6289B104C25 /* CoreGraphics.framework in Frameworks */,
				FA099F71D6F92898B1C7E249 /* CoreData.framework in Frameworks */,
			);
			runOnlyForDeploymentPostprocessing = 0;
		};
/* End PBXFrameworksBuildPhase section */

/* Begin PBXGroup section */
		1FC59EE14E622A02983D6655 /* Pods */ = {
			isa = PBXGroup;
			children = (
			);
			name = Pods;
			path = /Users/nickgal/Sites/motion/motion_phoenix/watch_app/vendor/Pods/Headers;
			sourceTree = "<group>";
		};
		258DA2E9865F58E258254FAC = {
			isa = PBXGroup;
			children = (
				E8E069EE512D1D571115EAA4 /* Products */,
				63F8EC2CE6840F5C05AF0397 /* Frameworks */,
				A1A5D2C74D3028466392037E /* Supporting Files */,
				1FC59EE14E622A02983D6655 /* Pods */,
				2CEDFB9E02CA554FF47B1680 /* Resources */,
			);
			sourceTree = "<group>";
		};
		2CEDFB9E02CA554FF47B1680 /* Resources */ = {
			isa = PBXGroup;
			children = (
				5407E2108F5F048FF43B0344 /* watch_app */,
			);
			name = Resources;
			sourceTree = "<group>";
		};
		5407E2108F5F048FF43B0344 /* watch_app */ = {
			isa = PBXGroup;
			children = (
				94D1CA58F20E36B332C5CDC8 /* Images.xcassets */,
				CC2384FF2DE9B50E7D9E25B8 /* Interface.storyboard */,
				08CA18CEEECDDF068996500C /* Base.lproj */,
			);
			path = watch_app;
			sourceTree = "<group>";
		};
		63F8EC2CE6840F5C05AF0397 /* Frameworks */ = {
			isa = PBXGroup;
			children = (
				99F838A56B73E7836E7799BC /* iOS */,
			);
			name = Frameworks;
			sourceTree = "<group>";
		};
		99F838A56B73E7836E7799BC /* iOS */ = {
			isa = PBXGroup;
			children = (
				3220F96C992468332E377289 /* Foundation.framework */,
				E0A211D7DBB9A2BC2B01DECF /* QuartzCore.framework */,
				998A1E8AF750D1B8BDA1E0DD /* CoreGraphics.framework */,
				E5621C599092B8782E564F56 /* CoreData.framework */,
			);
			name = iOS;
			sourceTree = "<group>";
		};
		A1A5D2C74D3028466392037E /* Supporting Files */ = {
			isa = PBXGroup;
			children = (
				C61FB9596F160EC40299D191 /* Stubs.h */,
				450E683D166D40BF18FB50A9 /* Stubs.m */,
			);
			name = "Supporting Files";
			path = /Users/nickgal/Sites/motion/motion_phoenix/watch_app/ib.xcodeproj;
			sourceTree = "<group>";
		};
		E8E069EE512D1D571115EAA4 /* Products */ = {
			isa = PBXGroup;
			children = (
				77BE0A1B6AF4E3D2F0042D27 /* libib.a */,
			);
			name = Products;
			sourceTree = "<group>";
		};
/* End PBXGroup section */

/* Begin PBXNativeTarget section */
		2FAFB1517C29A6919DB127EC /* ib */ = {
			isa = PBXNativeTarget;
			buildConfigurationList = 25D463EE963FB7C9CE07F4BB /* Build configuration list for PBXNativeTarget "ib" */;
			buildPhases = (
				676535A4AFB1116B6C61CE13 /* Sources */,
				8D071E6359494806B7909077 /* Frameworks */,
			);
			buildRules = (
			);
			dependencies = (
			);
			name = ib;
			productName = ib;
			productReference = 77BE0A1B6AF4E3D2F0042D27 /* libib.a */;
			productType = "com.apple.product-type.library.static";
		};
/* End PBXNativeTarget section */

/* Begin PBXProject section */
		C9B43FE5164CE39E7CD89748 /* Project object */ = {
			isa = PBXProject;
			attributes = {
				LastSwiftUpdateCheck = 0700;
				LastUpgradeCheck = 0700;
			};
			buildConfigurationList = 4BBC21A2985D33BA86BBA67E /* Build configuration list for PBXProject "ib" */;
			compatibilityVersion = "Xcode 3.2";
			developmentRegion = English;
			hasScannedForEncodings = 0;
			knownRegions = (
				en,
			);
			mainGroup = 258DA2E9865F58E258254FAC;
			productRefGroup = E8E069EE512D1D571115EAA4 /* Products */;
			projectDirPath = "";
			projectRoot = "";
			targets = (
				2FAFB1517C29A6919DB127EC /* ib */,
			);
		};
/* End PBXProject section */

/* Begin PBXSourcesBuildPhase section */
		676535A4AFB1116B6C61CE13 /* Sources */ = {
			isa = PBXSourcesBuildPhase;
			buildActionMask = 2147483647;
			files = (
				09C2CCF2E5A34D398EAAB3F9 /* Stubs.m in Sources */,
			);
			runOnlyForDeploymentPostprocessing = 0;
		};
/* End PBXSourcesBuildPhase section */

/* Begin XCBuildConfiguration section */
		52E7D75C20BBBEABE9A87FBF /* Release */ = {
			isa = XCBuildConfiguration;
			buildSettings = {
				ALWAYS_SEARCH_USER_PATHS = NO;
				CLANG_CXX_LANGUAGE_STANDARD = "gnu++0x";
				CLANG_CXX_LIBRARY = "libc++";
				CLANG_ENABLE_MODULES = YES;
				CLANG_ENABLE_OBJC_ARC = YES;
				CLANG_WARN_BOOL_CONVERSION = YES;
				CLANG_WARN_CONSTANT_CONVERSION = YES;
				CLANG_WARN_DIRECT_OBJC_ISA_USAGE = YES;
				CLANG_WARN_EMPTY_BODY = YES;
				CLANG_WARN_ENUM_CONVERSION = YES;
				CLANG_WARN_INT_CONVERSION = YES;
				CLANG_WARN_OBJC_ROOT_CLASS = YES;
				CLANG_WARN_UNREACHABLE_CODE = YES;
				CLANG_WARN__DUPLICATE_METHOD_MATCH = YES;
				COPY_PHASE_STRIP = YES;
				ENABLE_NS_ASSERTIONS = NO;
				GCC_C_LANGUAGE_STANDARD = gnu99;
				GCC_WARN_64_TO_32_BIT_CONVERSION = YES;
				GCC_WARN_ABOUT_RETURN_TYPE = YES;
				GCC_WARN_UNDECLARED_SELECTOR = YES;
				GCC_WARN_UNINITIALIZED_AUTOS = YES;
				GCC_WARN_UNUSED_FUNCTION = YES;
				GCC_WARN_UNUSED_VARIABLE = YES;
				VALIDATE_PRODUCT = YES;
			};
			name = Release;
		};
		7C3F4D389061ADC4AD9DE75A /* Debug */ = {
			isa = XCBuildConfiguration;
			buildSettings = {
				ENABLE_STRICT_OBJC_MSGSEND = YES;
				MTL_ENABLE_DEBUG_INFO = YES;
				OTHER_LDFLAGS = "-ObjC";
				PRODUCT_NAME = "$(TARGET_NAME)";
				SDKROOT = iphoneos;
				SKIP_INSTALL = YES;
			};
			name = Debug;
		};
		9E363F8C69AE5F176581EC9A /* Release */ = {
			isa = XCBuildConfiguration;
			buildSettings = {
				ENABLE_STRICT_OBJC_MSGSEND = YES;
				MTL_ENABLE_DEBUG_INFO = NO;
				OTHER_LDFLAGS = "-ObjC";
				PRODUCT_NAME = "$(TARGET_NAME)";
				SDKROOT = iphoneos;
				SKIP_INSTALL = YES;
			};
			name = Release;
		};
		F058481D08676496AE37C34E /* Debug */ = {
			isa = XCBuildConfiguration;
			buildSettings = {
				ALWAYS_SEARCH_USER_PATHS = NO;
				CLANG_CXX_LANGUAGE_STANDARD = "gnu++0x";
				CLANG_CXX_LIBRARY = "libc++";
				CLANG_ENABLE_MODULES = YES;
				CLANG_ENABLE_OBJC_ARC = YES;
				CLANG_WARN_BOOL_CONVERSION = YES;
				CLANG_WARN_CONSTANT_CONVERSION = YES;
				CLANG_WARN_DIRECT_OBJC_ISA_USAGE = YES;
				CLANG_WARN_EMPTY_BODY = YES;
				CLANG_WARN_ENUM_CONVERSION = YES;
				CLANG_WARN_INT_CONVERSION = YES;
				CLANG_WARN_OBJC_ROOT_CLASS = YES;
				CLANG_WARN_UNREACHABLE_CODE = YES;
				CLANG_WARN__DUPLICATE_METHOD_MATCH = YES;
				COPY_PHASE_STRIP = NO;
				GCC_C_LANGUAGE_STANDARD = gnu99;
				GCC_DYNAMIC_NO_PIC = NO;
				GCC_OPTIMIZATION_LEVEL = 0;
				GCC_PREPROCESSOR_DEFINITIONS = (
					"DEBUG=1",
					"$(inherited)",
				);
				GCC_SYMBOLS_PRIVATE_EXTERN = NO;
				GCC_WARN_64_TO_32_BIT_CONVERSION = YES;
				GCC_WARN_ABOUT_RETURN_TYPE = YES;
				GCC_WARN_UNDECLARED_SELECTOR = YES;
				GCC_WARN_UNINITIALIZED_AUTOS = YES;
				GCC_WARN_UNUSED_FUNCTION = YES;
				GCC_WARN_UNUSED_VARIABLE = YES;
				ONLY_ACTIVE_ARCH = YES;
			};
			name = Debug;
		};
/* End XCBuildConfiguration section */

/* Begin XCConfigurationList section */
		25D463EE963FB7C9CE07F4BB /* Build configuration list for PBXNativeTarget "ib" */ = {
			isa = XCConfigurationList;
			buildConfigurations = (
				9E363F8C69AE5F176581EC9A /* Release */,
				7C3F4D389061ADC4AD9DE75A /* Debug */,
			);
			defaultConfigurationIsVisible = 0;
			defaultConfigurationName = Release;
		};
		4BBC21A2985D33BA86BBA67E /* Build configuration list for PBXProject "ib" */ = {
			isa = XCConfigurationList;
			buildConfigurations = (
				F058481D08676496AE37C34E /* Debug */,
				52E7D75C20BBBEABE9A87FBF /* Release */,
			);
			defaultConfigurationIsVisible = 0;
			defaultConfigurationName = Release;
		};
/* End XCConfigurationList section */
	};
	rootObject = C9B43FE5164CE39E7CD89748 /* Project object */;
}
